
Microsoft Visual Studio Solution File, Format Version 12.00
# Visual Studio Version 17
VisualStudioVersion = 17.11.35222.181
MinimumVisualStudioVersion = 10.0.40219.1
Project("{FAE04EC0-301F-11D3-BF4B-00C04F79EFBC}") = "Elevator2024", "Elevator2024\Elevator2024.csproj", "{4C30C1C7-D79F-44FB-945B-1DF4EABE0203}"
EndProject
Global
	GlobalSection(SolutionConfigurationPlatforms) = preSolution
		Debug|Any CPU = Debug|Any CPU
		Release|Any CPU = Release|Any CPU
	EndGlobalSection
	GlobalSection(ProjectConfigurationPlatforms) = postSolution
		{4C30C1C7-D79F-44FB-945B-1DF4EABE0203}.Debug|Any CPU.ActiveCfg = Debug|Any CPU
		{4C30C1C7-D79F-44FB-945B-1DF4EABE0203}.Debug|Any CPU.Build.0 = Debug|Any CPU
		{4C30C1C7-D79F-44FB-945B-1DF4EABE0203}.Release|Any CPU.ActiveCfg = Release|Any CPU
		{4C30C1C7-D79F-44FB-945B-1DF4EABE0203}.Release|Any CPU.Build.0 = Release|Any CPU
	EndGlobalSection
	GlobalSection(SolutionProperties) = preSolution
		HideSolutionNode = FALSE
	EndGlobalSection
	GlobalSection(ExtensibilityGlobals) = postSolution
		SolutionGuid = {726F17D7-FD25-4CD6-9640-B048015A30E5}
	EndGlobalSection
EndGlobal
